github.com/ebitengine/oto/v3 v3.4.0 h1:br0PgASsEWaoWn38b2Goe7m1GKFYfNgnsjSd5Gg+/bQ=
github.com/ebitengine/oto/v3 v3.4.0/go.mod h1:IOleLVD0m+CMak3mRVwsYY8vTctQgOM0iiL6S7Ar7eI=
github.com/ebitengine/purego v0.4.1 h1:atcZEBdukuoClmy7TI89amtqAsJUzDQyY/JU7HaK+io=
github.com/ebitengine/purego v0.4.1/go.mod h1:ah1In8AOtksoNK6yk5z1HTJeUkC1Ez4Wk2idgGslMwQ=
github.com/ebitengine/purego v0.9.0 h1:mh0zpKBIXDceC63hpvPuGLiJ8ZAa3DfrFTudmfi8A4k=
github.com/ebitengine/purego v0.9.0/go.mod h1:iIjxzd6CiRiOG0UyXP+V1+jWqUXVjPKLAI0mRfJZTmQ=
github.com/go-gl/gl v0.0.0-20231021071112-07e5d0ea2e71 h1:5BVwOaUSBTlVZowGO6VZGw2H/zl9nrd3eCZfYV+NfQA=
github.com/go-gl/gl v0.0.0-20231021071112-07e5d0ea2e71/go.mod h1:9YTyiznxEY1fVinfM7RvRcjRHbw2xLBJ3AAGIT0I4Nw=
github.com/go-gl/glfw/v3.3/glfw v0.0.0-20250301202403-da16c1255728 h1:RkGhqHxEVAvPM0/R+8g7XRwQnHatO0KAuVcwHo8q9W8=
github.com/go-gl/glfw/v3.3/glfw v0.0.0-20250301202403-da16c1255728/go.mod h1:SyRD8YfuKk+ZXlDqYiqe1qMSqjNgtHzBTG810KUagMc=
github.com/go-webgpu/goffi v0.3.9 h1:dD1F7GZQV54ET6Fdcb+4776W1/OfbSb9DOJADVZEQLc=
github.com/go-webgpu/goffi v0.3.9/go.mod h1:wfoxNsJkU+5RFbV1kNN1kunhc1lFHuJKK3zpgx08/uM=
github.com/go-webgpu/webgpu v0.3.1 h1:GxaJ3Cz2FGzHZ3adAYvuRFTdCMcwrENLbuilyIxSH0o=
github.com/go-webgpu/webgpu v0.3.1/go.mod h1:lPa1+DhNDB3jb97/KI2ivW+ewK1V9x4k58fObvWBhR4=
github.com/gogpu/gogpu v0.20.1 h1:iPs9gXFwsBhwoz+8/Rilzhzpb9yCBimAI4wGHb3Y7L8=
github.com/gogpu/gogpu v0.20.1/go.mod h1:UAShkmEZ1f7uzPaBAt42UjerQ+d2dLS5x9FBNjP2Xg0=
github.com/gogpu/gogpu v0.20.4 h1:tZKFXOqPMfcWaMPnF93CjYSAv93UEw+4pH1CIqm6x3o=
github.com/gogpu/gogpu v0.20.4/go.mod h1:v1m5pAiJa2vHahPvvLI2H0u3mr2iis7jqmE8iA0g0+8=
github.com/gogpu/gogpu v0.20.5 h1:ppOMEScvMuYMWw4D9Ts8mNYnh8OVgzdHVSILQS3PYeI=
github.com/gogpu/gogpu v0.20.5/go.mod h1:sjiDBypFRWBFEVoiY3ID1UdWITpAKL1S8Fo3X8xFhxg=
github.com/gogpu/gogpu v0.20.8 h1:4b0jeFg4rMq2Sx394x/RoI3aWlyi8XFT2m6phH9sl2Q=
github.com/gogpu/gogpu v0.20.8/go.mod h1:3Ui6vfIIYsKF8FMi83WHGAOV9XXsjk4xySYUhwGs280=
github.com/gogpu/gogpu v0.20.9 h1:MfOS1xaLRLFul2rgxhc9F2+cu/ISrGUiQ4KjvQx0rTQ=
github.com/gogpu/gogpu v0.20.9/go.mod h1:ZDC/Jp1vd8065+7dQcZuvHt/OJ9kfZGw9sqIrqS/fFM=
github.com/gogpu/gpucontext v0.9.0 h1:RCM3oXtxR/i7YZrbH68zBjieE4j0TF731MrPnnD2Los=
github.com/gogpu/gpucontext v0.9.0/go.mod h1:d+6V6OVk81cFRpsJcl+9Qnd8qCDLTQGelMVMEzjPTUg=
github.com/gogpu/gputypes v0.2.0 h1:Quv3ekiU12zK4ZhBZsSZmalHYc+zj2gr9ZWRyzKgkKk=
github.com/gogpu/gputypes v0.2.0/go.mod h1:cnXrDMwTpWTvJLW1Vreop3PcT6a2YP/i3s91rPaOavw=
github.com/gogpu/naga v0.14.2 h1:jja1gsYtJB+2gpcAXU5HYZ9OLA/sTrRMbM1dK+AIQL8=
github.com/gogpu/naga v0.14.2/go.mod h1:15sQaHKkbqXcwTN+hHYGLsA0WBBnkmYzne/eF5p5WEg=
github.com/gogpu/naga v0.14.3 h1:N/o/2vT+EG/1m7TZEAXjANPbIQaqP3rDAZxARZ9bJTw=
github.com/gogpu/naga v0.14.3/go.mod h1:15sQaHKkbqXcwTN+hHYGLsA0WBBnkmYzne/eF5p5WEg=
github.com/gogpu/wgpu v0.16.10 h1:Gf3kWH1M6KYC025UyUT7gYvK+nqn+DufwToYbMqaMr4=
github.com/gogpu/wgpu v0.16.10/go.mod h1:zgnoQiOqOIJyfKH9PXqOi7GjQF1/nAAJANmHEgcEIJg=
github.com/gogpu/wgpu v0.16.14 h1:18LAZ2O+9fp0QChp3GOTOBP3yiALRONZ2zTWAsltbRk=
github.com/gogpu/wgpu v0.16.14/go.mod h1:pcPQkEBJtQO5/Lg/0LUrQM8PQkhNbm9GpqfVCx4dNL4=
github.com/gogpu/wgpu v0.16.17 h1:aFtYrm7qVJFjxcJvam1OCuerCwlzxwXCzS8QOw2ohZM=
github.com/gogpu/wgpu v0.16.17/go.mod h1:pcPQkEBJtQO5/Lg/0LUrQM8PQkhNbm9GpqfVCx4dNL4=
github.com/hajimehoshi/oto/v2 v2.4.3 h1:E+vVhzF2WHuw/UK+aLQh1Spqj+thgsAAg4rbSx+JySI=
github.com/hajimehoshi/oto/v2 v2.4.3/go.mod h1:Yx9MTrWMeSS6MqkjacVZAicmJ1bqA1SlgCQmk3ybx1E=
golang.org/x/sys v0.41.0 h1:Ivj+2Cp/ylzLiEU89QhWblYnOE9zerudt9Ftecq2C6k=
golang.org/x/sys v0.41.0/go.mod h1:OgkHotnGiDImocRcuBABYBEXf8A9a87e/uXjp9XT3ks=
