github.com/Zyko0/go-sdl3 v0.0.0-20260125144524-02de3d449cb1 h1:a7BoGQPgciWaIwBlh/IMkuqDDU0otZkzbnl4sPZZKm0=
github.com/Zyko0/go-sdl3 v0.0.0-20260125144524-02de3d449cb1/go.mod h1:mJcKev/gsLraiuXsB/EPyh4hdYnsUHyNU5CXch3cv0A=
github.com/Zyko0/purego-gen v0.0.0-20250727121216-3bcd331a1e0c h1:3z1BdpfvUbaP7oXjPabl7STN7zz88S432hZJ8M095kI=
github.com/Zyko0/purego-gen v0.0.0-20250727121216-3bcd331a1e0c/go.mod h1:xpUxPkAb7v0Ffn/NGp1XpD+tZly4dpSPI7DTAFT37es=
github.com/ebitengine/oto/v3 v3.4.0 h1:br0PgASsEWaoWn38b2Goe7m1GKFYfNgnsjSd5Gg+/bQ=
github.com/ebitengine/oto/v3 v3.4.0/go.mod h1:IOleLVD0m+CMak3mRVwsYY8vTctQgOM0iiL6S7Ar7eI=
github.com/ebitengine/purego v0.9.0 h1:mh0zpKBIXDceC63hpvPuGLiJ8ZAa3DfrFTudmfi8A4k=
github.com/ebitengine/purego v0.9.0/go.mod h1:iIjxzd6CiRiOG0UyXP+V1+jWqUXVjPKLAI0mRfJZTmQ=
github.com/go-gl/gl v0.0.0-20231021071112-07e5d0ea2e71 h1:5BVwOaUSBTlVZowGO6VZGw2H/zl9nrd3eCZfYV+NfQA=
github.com/go-gl/gl v0.0.0-20231021071112-07e5d0ea2e71/go.mod h1:9YTyiznxEY1fVinfM7RvRcjRHbw2xLBJ3AAGIT0I4Nw=
github.com/go-gl/glfw/v3.3/glfw v0.0.0-20250301202403-da16c1255728 h1:RkGhqHxEVAvPM0/R+8g7XRwQnHatO0KAuVcwHo8q9W8=
github.com/go-gl/glfw/v3.3/glfw v0.0.0-20250301202403-da16c1255728/go.mod h1:SyRD8YfuKk+ZXlDqYiqe1qMSqjNgtHzBTG810KUagMc=
github.com/go-webgpu/goffi v0.4.1 h1:2hQH5XXloxTyTtIleYv+Rajlwzp6UOETURhSZ5+zJxU=
github.com/go-webgpu/goffi v0.4.1/go.mod h1:wfoxNsJkU+5RFbV1kNN1kunhc1lFHuJKK3zpgx08/uM=
github.com/go-webgpu/webgpu v0.4.1 h1:PT9Wb2947qQY1oR5itKWXgieCG/265tUg/762WR6mrU=
github.com/go-webgpu/webgpu v0.4.1/go.mod h1:wFLIOZByL/XYk1zs6rKUK8WgyMPRf4EIwlcwYb1/BNo=
github.com/gogpu/gogpu v0.22.4 h1:wDKEIed347abq+jBbUoz8djxzJ/61R2YuKACDGezSUA=
github.com/gogpu/gogpu v0.22.4/go.mod h1:0RjPd24FN9M8Fi5XebVP/sViNk/sZVeEKNe/Dx8eRq0=
github.com/gogpu/gpucontext v0.9.0 h1:RCM3oXtxR/i7YZrbH68zBjieE4j0TF731MrPnnD2Los=
github.com/gogpu/gpucontext v0.9.0/go.mod h1:d+6V6OVk81cFRpsJcl+9Qnd8qCDLTQGelMVMEzjPTUg=
github.com/gogpu/gputypes v0.2.0 h1:Quv3ekiU12zK4ZhBZsSZmalHYc+zj2gr9ZWRyzKgkKk=
github.com/gogpu/gputypes v0.2.0/go.mod h1:cnXrDMwTpWTvJLW1Vreop3PcT6a2YP/i3s91rPaOavw=
github.com/gogpu/naga v0.14.4 h1:NarUKITSWImBzNVai2NPkyJxmHliu1/tYVvUdfXTGrw=
github.com/gogpu/naga v0.14.4/go.mod h1:15sQaHKkbqXcwTN+hHYGLsA0WBBnkmYzne/eF5p5WEg=
github.com/gogpu/wgpu v0.19.4 h1:D151enmyjZeOZ07Eq7ID0IPai/zZodhWnjqYq1bEAeY=
github.com/gogpu/wgpu v0.19.4/go.mod h1:uQLpMDbLWPuS2H1vzcwxgiAFXlmscyvUL3T5tChbOJI=
github.com/google/go-cmp v0.6.0 h1:ofyhxvXcZhMsU5ulbFiLKl/XBFqE1GSq7atu8tAmTRI=
github.com/google/go-cmp v0.6.0/go.mod h1:17dUlkBOakJ0+DkrSSNjCkIjxS6bF9zb3elmeNGIjoY=
golang.org/x/mod v0.33.0 h1:tHFzIWbBifEmbwtGz65eaWyGiGZatSrT9prnU8DbVL8=
golang.org/x/mod v0.33.0/go.mod h1:swjeQEj+6r7fODbD2cqrnje9PnziFuw4bmLbBZFrQ5w=
golang.org/x/sync v0.19.0 h1:vV+1eWNmZ5geRlYjzm2adRgW2/mcpevXNg50YZtPCE4=
golang.org/x/sync v0.19.0/go.mod h1:9KTHXmSnoGruLpwFjVSX0lNNA75CykiMECbovNTZqGI=
golang.org/x/sys v0.41.0 h1:Ivj+2Cp/ylzLiEU89QhWblYnOE9zerudt9Ftecq2C6k=
golang.org/x/sys v0.41.0/go.mod h1:OgkHotnGiDImocRcuBABYBEXf8A9a87e/uXjp9XT3ks=
golang.org/x/tools v0.42.0 h1:uNgphsn75Tdz5Ji2q36v/nsFSfR/9BRFvqhGBaJGd5k=
golang.org/x/tools v0.42.0/go.mod h1:Ma6lCIwGZvHK6XtgbswSoWroEkhugApmsXyrUmBhfr0=
