github.com/Zyko0/go-sdl3 v0.0.0-20260125144524-02de3d449cb1 h1:a7BoGQPgciWaIwBlh/IMkuqDDU0otZkzbnl4sPZZKm0=
github.com/Zyko0/go-sdl3 v0.0.0-20260125144524-02de3d449cb1/go.mod h1:mJcKev/gsLraiuXsB/EPyh4hdYnsUHyNU5CXch3cv0A=
github.com/Zyko0/purego-gen v0.0.0-20250727121216-3bcd331a1e0c h1:3z1BdpfvUbaP7oXjPabl7STN7zz88S432hZJ8M095kI=
github.com/Zyko0/purego-gen v0.0.0-20250727121216-3bcd331a1e0c/go.mod h1:xpUxPkAb7v0Ffn/NGp1XpD+tZly4dpSPI7DTAFT37es=
github.com/ebitengine/oto/v3 v3.4.0 h1:br0PgASsEWaoWn38b2Goe7m1GKFYfNgnsjSd5Gg+/bQ=
github.com/ebitengine/oto/v3 v3.4.0/go.mod h1:IOleLVD0m+CMak3mRVwsYY8vTctQgOM0iiL6S7Ar7eI=
github.com/ebitengine/purego v0.9.0 h1:mh0zpKBIXDceC63hpvPuGLiJ8ZAa3DfrFTudmfi8A4k=
github.com/ebitengine/purego v0.9.0/go.mod h1:iIjxzd6CiRiOG0UyXP+V1+jWqUXVjPKLAI0mRfJZTmQ=
github.com/go-gl/gl v0.0.0-20231021071112-07e5d0ea2e71 h1:5BVwOaUSBTlVZowGO6VZGw2H/zl9nrd3eCZfYV+NfQA=
github.com/go-gl/gl v0.0.0-20231021071112-07e5d0ea2e71/go.mod h1:9YTyiznxEY1fVinfM7RvRcjRHbw2xLBJ3AAGIT0I4Nw=
github.com/go-gl/glfw/v3.3/glfw v0.0.0-20250301202403-da16c1255728 h1:RkGhqHxEVAvPM0/R+8g7XRwQnHatO0KAuVcwHo8q9W8=
github.com/go-gl/glfw/v3.3/glfw v0.0.0-20250301202403-da16c1255728/go.mod h1:SyRD8YfuKk+ZXlDqYiqe1qMSqjNgtHzBTG810KUagMc=
github.com/go-webgpu/goffi v0.4.2 h1:cwSiwro2ndP7jfXYlsz3kbOk8mNaFsHGZ0Q0cszC9cU=
github.com/go-webgpu/goffi v0.4.2/go.mod h1:wfoxNsJkU+5RFbV1kNN1kunhc1lFHuJKK3zpgx08/uM=
github.com/go-webgpu/webgpu v0.4.2 h1:phQCeD5zY8jTgNjkrs090JYUMpqNPO7a9DMXvnHcQ2A=
github.com/go-webgpu/webgpu v0.4.2/go.mod h1:+gz9PjcckFCZ/Gv1vJXXEDrf7fqo7VHH6uV0nJrSuRk=
github.com/gogpu/gogpu v0.22.9 h1:aIibFy/CUtEhBVIp3RimZtr6dwJQQqcoCBTVmZ2h6AU=
github.com/gogpu/gogpu v0.22.9/go.mod h1:/wmbk7FJ78dHMaaArKoZN17HJwPoGRhMc+ksC9QGis0=
github.com/gogpu/gpucontext v0.9.0 h1:RCM3oXtxR/i7YZrbH68zBjieE4j0TF731MrPnnD2Los=
github.com/gogpu/gpucontext v0.9.0/go.mod h1:d+6V6OVk81cFRpsJcl+9Qnd8qCDLTQGelMVMEzjPTUg=
github.com/gogpu/gputypes v0.2.0 h1:Quv3ekiU12zK4ZhBZsSZmalHYc+zj2gr9ZWRyzKgkKk=
github.com/gogpu/gputypes v0.2.0/go.mod h1:cnXrDMwTpWTvJLW1Vreop3PcT6a2YP/i3s91rPaOavw=
github.com/gogpu/naga v0.14.6 h1:zXtYxeEt1P70UDVuoa1EgMzKvted9ZsHkVcFV13qkSs=
github.com/gogpu/naga v0.14.6/go.mod h1:15sQaHKkbqXcwTN+hHYGLsA0WBBnkmYzne/eF5p5WEg=
github.com/gogpu/wgpu v0.19.7 h1:Oymo9GOfJ5q7PiO4p1PGFgt+t+eR4V5S2ur5xJlQ5D4=
github.com/gogpu/wgpu v0.19.7/go.mod h1:li6h9TJ/ppfg/arwAieVNrBPOFCynfzfhNfOqCXCGi8=
github.com/google/go-cmp v0.6.0 h1:ofyhxvXcZhMsU5ulbFiLKl/XBFqE1GSq7atu8tAmTRI=
github.com/google/go-cmp v0.6.0/go.mod h1:17dUlkBOakJ0+DkrSSNjCkIjxS6bF9zb3elmeNGIjoY=
github.com/hajimehoshi/go-mp3 v0.3.4 h1:NUP7pBYH8OguP4diaTZ9wJbUbk3tC0KlfzsEpWmYj68=
github.com/hajimehoshi/go-mp3 v0.3.4/go.mod h1:fRtZraRFcWb0pu7ok0LqyFhCUrPeMsGRSVop0eemFmo=
github.com/hajimehoshi/oto/v2 v2.3.1/go.mod h1:seWLbgHH7AyUMYKfKYT9pg7PhUu9/SisyJvNTT+ASQo=
github.com/icza/bitio v1.1.0 h1:ysX4vtldjdi3Ygai5m1cWy4oLkhWTAi+SyO6HC8L9T0=
github.com/icza/bitio v1.1.0/go.mod h1:0jGnlLAx8MKMr9VGnn/4YrvZiprkvBelsVIbA9Jjr9A=
github.com/icza/mighty v0.0.0-20180919140131-cfd07d671de6/go.mod h1:xQig96I1VNBDIWGCdTt54nHt6EeI639SmHycLYL7FkA=
github.com/jfreymuth/oggvorbis v1.0.5 h1:u+Ck+R0eLSRhgq8WTmffYnrVtSztJcYrl588DM4e3kQ=
github.com/jfreymuth/oggvorbis v1.0.5/go.mod h1:1U4pqWmghcoVsCJJ4fRBKv9peUJMBHixthRlBeD6uII=
github.com/jfreymuth/vorbis v1.0.2 h1:m1xH6+ZI4thH927pgKD8JOH4eaGRm18rEE9/0WKjvNE=
github.com/jfreymuth/vorbis v1.0.2/go.mod h1:DoftRo4AznKnShRl1GxiTFCseHr4zR9BN3TWXyuzrqQ=
github.com/kazzmir/opus-go v1.3.0 h1:8JbU37tY1EqOE/b+orjgfwua0RW4TLZq+FhU0Nj5NsM=
github.com/kazzmir/opus-go v1.3.0/go.mod h1:oKDlLYxYVpknE4zKDmJyiLPB9RyhKw0n/l7EoPr6000=
github.com/mewkiz/flac v1.0.13 h1:6wF8rRQKBFW159Daqx6Ro7K5ZnlVhHUKfS5aTsC4oXs=
github.com/mewkiz/flac v1.0.13/go.mod h1:HfPYDA+oxjyuqMu2V+cyKcxF51KM6incpw5eZXmfA6k=
github.com/mewkiz/pkg v0.0.0-20250417130911-3f050ff8c56d h1:IL2tii4jXLdhCeQN69HNzYYW1kl0meSG0wt5+sLwszU=
github.com/mewkiz/pkg v0.0.0-20250417130911-3f050ff8c56d/go.mod h1:SIpumAnUWSy0q9RzKD3pyH3g1t5vdawUAPcW5tQrUtI=
github.com/mewpkg/term v0.0.0-20241026122259-37a80af23985 h1:h8O1byDZ1uk6RUXMhj1QJU3VXFKXHDZxr4TXRPGeBa8=
github.com/mewpkg/term v0.0.0-20241026122259-37a80af23985/go.mod h1:uiPmbdUbdt1NkGApKl7htQjZ8S7XaGUAVulJUJ9v6q4=
golang.org/x/mod v0.33.0 h1:tHFzIWbBifEmbwtGz65eaWyGiGZatSrT9prnU8DbVL8=
golang.org/x/mod v0.33.0/go.mod h1:swjeQEj+6r7fODbD2cqrnje9PnziFuw4bmLbBZFrQ5w=
golang.org/x/sync v0.19.0 h1:vV+1eWNmZ5geRlYjzm2adRgW2/mcpevXNg50YZtPCE4=
golang.org/x/sync v0.19.0/go.mod h1:9KTHXmSnoGruLpwFjVSX0lNNA75CykiMECbovNTZqGI=
golang.org/x/sys v0.0.0-20220712014510-0a85c31ab51e/go.mod h1:oPkhp1MJrh7nUepCBck5+mAzfO9JrbApNNgaTdGDITg=
golang.org/x/sys v0.41.0 h1:Ivj+2Cp/ylzLiEU89QhWblYnOE9zerudt9Ftecq2C6k=
golang.org/x/sys v0.41.0/go.mod h1:OgkHotnGiDImocRcuBABYBEXf8A9a87e/uXjp9XT3ks=
golang.org/x/tools v0.42.0 h1:uNgphsn75Tdz5Ji2q36v/nsFSfR/9BRFvqhGBaJGd5k=
golang.org/x/tools v0.42.0/go.mod h1:Ma6lCIwGZvHK6XtgbswSoWroEkhugApmsXyrUmBhfr0=
